
Microsoft Visual Studio Solution File, Format Version 12.00
# Visual Studio Version 17
VisualStudioVersion = 17.5.002.0
MinimumVisualStudioVersion = 10.0.40219.1
Project("{9A19103F-16F7-4668-BE54-9A1E7A4F7556}") = "lab2", "lab2.csproj", "{2B034149-0409-4FF4-848F-F52FDAA54FAC}"
EndProject
Global
	GlobalSection(SolutionConfigurationPlatforms) = preSolution
		Debug|Any CPU = Debug|Any CPU
		Release|Any CPU = Release|Any CPU
	EndGlobalSection
	GlobalSection(ProjectConfigurationPlatforms) = postSolution
		{2B034149-0409-4FF4-848F-F52FDAA54FAC}.Debug|Any CPU.ActiveCfg = Debug|Any CPU
		{2B034149-0409-4FF4-848F-F52FDAA54FAC}.Debug|Any CPU.Build.0 = Debug|Any CPU
		{2B034149-0409-4FF4-848F-F52FDAA54FAC}.Release|Any CPU.ActiveCfg = Release|Any CPU
		{2B034149-0409-4FF4-848F-F52FDAA54FAC}.Release|Any CPU.Build.0 = Release|Any CPU
	EndGlobalSection
	GlobalSection(SolutionProperties) = preSolution
		HideSolutionNode = FALSE
	EndGlobalSection
	GlobalSection(ExtensibilityGlobals) = postSolution
		SolutionGuid = {83F41657-E568-4683-A916-65A3F8BBA2D3}
	EndGlobalSection
EndGlobal
